// !$*UTF8*$!
{
	archiveVersion = 1;
	classes = {
	};
	objectVersion = 48;
	objects = {

/* Begin PBXBuildFile section */
		DE1D18431E8D292200E2D673 /* AuthenticatedResource.swift in Sources */ = {isa = PBXBuildFile; fileRef = DE1D180B1E8D292200E2D673 /* AuthenticatedResource.swift */; };
		DE1D18441E8D292200E2D673 /* Catchup+Networking.swift in Sources */ = {isa = PBXBuildFile; fileRef = DE1D180C1E8D292200E2D673 /* Catchup+Networking.swift */; };
		DE1D18451E8D292200E2D673 /* Catchup.swift in Sources */ = {isa = PBXBuildFile; fileRef = DE1D180D1E8D292200E2D673 /* Catchup.swift */; };
		DE1D18461E8D292200E2D673 /* CatchupStream.swift in Sources */ = {isa = PBXBuildFile; fileRef = DE1D180E1E8D292200E2D673 /* CatchupStream.swift */; };
		DE1D18471E8D292200E2D673 /* Channel+Networking.swift in Sources */ = {isa = PBXBuildFile; fileRef = DE1D180F1E8D292200E2D673 /* Channel+Networking.swift */; };
		DE1D18481E8D292200E2D673 /* Channel.swift in Sources */ = {isa = PBXBuildFile; fileRef = DE1D18101E8D292200E2D673 /* Channel.swift */; };
		DE1D18491E8D292200E2D673 /* Catchup+CoreDataClass.swift in Sources */ = {isa = PBXBuildFile; fileRef = DE1D18121E8D292200E2D673 /* Catchup+CoreDataClass.swift */; };
		DE1D184A1E8D292200E2D673 /* Catchup+CoreDataProperties.swift in Sources */ = {isa = PBXBuildFile; fileRef = DE1D18131E8D292200E2D673 /* Catchup+CoreDataProperties.swift */; };
		DE1D184B1E8D292200E2D673 /* CatchupStream+CoreDataClass.swift in Sources */ = {isa = PBXBuildFile; fileRef = DE1D18141E8D292200E2D673 /* CatchupStream+CoreDataClass.swift */; };
		DE1D184C1E8D292200E2D673 /* CatchupStream+CoreDataProperties.swift in Sources */ = {isa = PBXBuildFile; fileRef = DE1D18151E8D292200E2D673 /* CatchupStream+CoreDataProperties.swift */; };
		DE1D184D1E8D292200E2D673 /* Channel+CoreDataClass.swift in Sources */ = {isa = PBXBuildFile; fileRef = DE1D18161E8D292200E2D673 /* Channel+CoreDataClass.swift */; };
		DE1D184E1E8D292200E2D673 /* Channel+CoreDataProperties.swift in Sources */ = {isa = PBXBuildFile; fileRef = DE1D18171E8D292200E2D673 /* Channel+CoreDataProperties.swift */; };
		DE1D184F1E8D292200E2D673 /* LiveStream+CoreDataClass.swift in Sources */ = {isa = PBXBuildFile; fileRef = DE1D18181E8D292200E2D673 /* LiveStream+CoreDataClass.swift */; };
		DE1D18501E8D292200E2D673 /* LiveStream+CoreDataProperties.swift in Sources */ = {isa = PBXBuildFile; fileRef = DE1D18191E8D292200E2D673 /* LiveStream+CoreDataProperties.swift */; };
		DE1D18511E8D292200E2D673 /* ScheduledProgramme+CoreDataClass.swift in Sources */ = {isa = PBXBuildFile; fileRef = DE1D181A1E8D292200E2D673 /* ScheduledProgramme+CoreDataClass.swift */; };
		DE1D18521E8D292200E2D673 /* ScheduledProgramme+CoreDataProperties.swift in Sources */ = {isa = PBXBuildFile; fileRef = DE1D181B1E8D292200E2D673 /* ScheduledProgramme+CoreDataProperties.swift */; };
		DE1D18531E8D292200E2D673 /* Sport+CoreDataClass.swift in Sources */ = {isa = PBXBuildFile; fileRef = DE1D181C1E8D292200E2D673 /* Sport+CoreDataClass.swift */; };
		DE1D18541E8D292200E2D673 /* Sport+CoreDataProperties.swift in Sources */ = {isa = PBXBuildFile; fileRef = DE1D181D1E8D292200E2D673 /* Sport+CoreDataProperties.swift */; };
		DE1D18551E8D292200E2D673 /* User+CoreDataClass.swift in Sources */ = {isa = PBXBuildFile; fileRef = DE1D181E1E8D292200E2D673 /* User+CoreDataClass.swift */; };
		DE1D18561E8D292200E2D673 /* User+CoreDataProperties.swift in Sources */ = {isa = PBXBuildFile; fileRef = DE1D181F1E8D292200E2D673 /* User+CoreDataProperties.swift */; };
		DE1D18571E8D292200E2D673 /* JSON.swift in Sources */ = {isa = PBXBuildFile; fileRef = DE1D18201E8D292200E2D673 /* JSON.swift */; };
		DE1D18581E8D292200E2D673 /* LiveStream.swift in Sources */ = {isa = PBXBuildFile; fileRef = DE1D18211E8D292200E2D673 /* LiveStream.swift */; };
		DE1D18591E8D292200E2D673 /* Result.swift in Sources */ = {isa = PBXBuildFile; fileRef = DE1D18221E8D292200E2D673 /* Result.swift */; };
		DE1D185A1E8D292200E2D673 /* Router.swift in Sources */ = {isa = PBXBuildFile; fileRef = DE1D18231E8D292200E2D673 /* Router.swift */; };
		DE1D185B1E8D292200E2D673 /* ScheduledProgramme.swift in Sources */ = {isa = PBXBuildFile; fileRef = DE1D18241E8D292200E2D673 /* ScheduledProgramme.swift */; };
		DE1D185C1E8D292200E2D673 /* Sport.swift in Sources */ = {isa = PBXBuildFile; fileRef = DE1D18251E8D292200E2D673 /* Sport.swift */; };
		DE1D185D1E8D292200E2D673 /* Token+Networking.swift in Sources */ = {isa = PBXBuildFile; fileRef = DE1D18261E8D292200E2D673 /* Token+Networking.swift */; };
		DE1D185E1E8D292200E2D673 /* Token.swift in Sources */ = {isa = PBXBuildFile; fileRef = DE1D18271E8D292200E2D673 /* Token.swift */; };
		DE1D185F1E8D292200E2D673 /* User+Networking.swift in Sources */ = {isa = PBXBuildFile; fileRef = DE1D18281E8D292200E2D673 /* User+Networking.swift */; };
		DE1D18601E8D292200E2D673 /* User.swift in Sources */ = {isa = PBXBuildFile; fileRef = DE1D18291E8D292200E2D673 /* User.swift */; };
		DE1D18611E8D292200E2D673 /* CatchupParser.swift in Sources */ = {isa = PBXBuildFile; fileRef = DE1D182B1E8D292200E2D673 /* CatchupParser.swift */; };
		DE1D18621E8D292200E2D673 /* CatchupStreamParser.swift in Sources */ = {isa = PBXBuildFile; fileRef = DE1D182C1E8D292200E2D673 /* CatchupStreamParser.swift */; };
		DE1D18631E8D292200E2D673 /* ChannelParser.swift in Sources */ = {isa = PBXBuildFile; fileRef = DE1D182D1E8D292200E2D673 /* ChannelParser.swift */; };
		DE1D18641E8D292200E2D673 /* DateParser.swift in Sources */ = {isa = PBXBuildFile; fileRef = DE1D182E1E8D292200E2D673 /* DateParser.swift */; };
		DE1D18651E8D292200E2D673 /* LiveStreamParser.swift in Sources */ = {isa = PBXBuildFile; fileRef = DE1D182F1E8D292200E2D673 /* LiveStreamParser.swift */; };
		DE1D18661E8D292200E2D673 /* ScheduledProgrammeParser.swift in Sources */ = {isa = PBXBuildFile; fileRef = DE1D18301E8D292200E2D673 /* ScheduledProgrammeParser.swift */; };
		DE1D18671E8D292200E2D673 /* SportParser.swift in Sources */ = {isa = PBXBuildFile; fileRef = DE1D18311E8D292200E2D673 /* SportParser.swift */; };
		DE1D18681E8D292200E2D673 /* TokenParser.swift in Sources */ = {isa = PBXBuildFile; fileRef = DE1D18321E8D292200E2D673 /* TokenParser.swift */; };
		DE1D18691E8D292200E2D673 /* UserParser.swift in Sources */ = {isa = PBXBuildFile; fileRef = DE1D18331E8D292200E2D673 /* UserParser.swift */; };
		DE1D186A1E8D292200E2D673 /* Fetchable.swift in Sources */ = {isa = PBXBuildFile; fileRef = DE1D18351E8D292200E2D673 /* Fetchable.swift */; };
		DE1D186B1E8D292200E2D673 /* JSONCoreDataParsingType.swift in Sources */ = {isa = PBXBuildFile; fileRef = DE1D18361E8D292200E2D673 /* JSONCoreDataParsingType.swift */; };
		DE1D186C1E8D292200E2D673 /* JSONParsingType.swift in Sources */ = {isa = PBXBuildFile; fileRef = DE1D18371E8D292200E2D673 /* JSONParsingType.swift */; };
		DE1D186D1E8D292200E2D673 /* NumberIdentifiable.swift in Sources */ = {isa = PBXBuildFile; fileRef = DE1D18381E8D292200E2D673 /* NumberIdentifiable.swift */; };
		DE1D186E1E8D292200E2D673 /* StringIdentifiable.swift in Sources */ = {isa = PBXBuildFile; fileRef = DE1D18391E8D292200E2D673 /* StringIdentifiable.swift */; };
		DE1D186F1E8D292200E2D673 /* CatchupResponseSerializer.swift in Sources */ = {isa = PBXBuildFile; fileRef = DE1D183B1E8D292200E2D673 /* CatchupResponseSerializer.swift */; };
		DE1D18701E8D292200E2D673 /* ChannelResponseSerializer.swift in Sources */ = {isa = PBXBuildFile; fileRef = DE1D183C1E8D292200E2D673 /* ChannelResponseSerializer.swift */; };
		DE1D18711E8D292200E2D673 /* JSONResponseSerializer.swift in Sources */ = {isa = PBXBuildFile; fileRef = DE1D183D1E8D292200E2D673 /* JSONResponseSerializer.swift */; };
		DE1D18721E8D292200E2D673 /* LoginResponseSerializer.swift in Sources */ = {isa = PBXBuildFile; fileRef = DE1D183E1E8D292200E2D673 /* LoginResponseSerializer.swift */; };
		DE1D18731E8D292200E2D673 /* ManagedObjectResponseSerializer.swift in Sources */ = {isa = PBXBuildFile; fileRef = DE1D183F1E8D292200E2D673 /* ManagedObjectResponseSerializer.swift */; };
		DE1D18741E8D292200E2D673 /* ResponseSerializer.swift in Sources */ = {isa = PBXBuildFile; fileRef = DE1D18401E8D292200E2D673 /* ResponseSerializer.swift */; };
		DE1D18751E8D292200E2D673 /* TokenResponseSerializer.swift in Sources */ = {isa = PBXBuildFile; fileRef = DE1D18411E8D292200E2D673 /* TokenResponseSerializer.swift */; };
		DE1D18761E8D292200E2D673 /* VideoshopResponseSerializer.swift in Sources */ = {isa = PBXBuildFile; fileRef = DE1D18421E8D292200E2D673 /* VideoshopResponseSerializer.swift */; };
		DE3896D01DE9CD1A00860BB9 /* Main.storyboard in Resources */ = {isa = PBXBuildFile; fileRef = DE3896CE1DE9CD1A00860BB9 /* Main.storyboard */; };
		DE39BC6A1CE764F700347716 /* EurosportKit.h in Headers */ = {isa = PBXBuildFile; fileRef = DE39BC691CE764F700347716 /* EurosportKit.h */; settings = {ATTRIBUTES = (Public, ); }; };
		DE39BC711CE764F700347716 /* EurosportKit.framework in Frameworks */ = {isa = PBXBuildFile; fileRef = DE39BC671CE764F700347716 /* EurosportKit.framework */; };
		DE39BC781CE764F700347716 /* EurosportKitTests.swift in Sources */ = {isa = PBXBuildFile; fileRef = DE39BC771CE764F700347716 /* EurosportKitTests.swift */; };
		DE969D8C1CD51EA300A8A313 /* AppDelegate.swift in Sources */ = {isa = PBXBuildFile; fileRef = DE969D8B1CD51EA300A8A313 /* AppDelegate.swift */; };
		DE969D951CD51EA300A8A313 /* Assets.xcassets in Resources */ = {isa = PBXBuildFile; fileRef = DE969D941CD51EA300A8A313 /* Assets.xcassets */; };
		DE9B25C21E8D19C80009BE1C /* CatchupsCollectionViewController.swift in Sources */ = {isa = PBXBuildFile; fileRef = DE9B25A81E8D19C80009BE1C /* CatchupsCollectionViewController.swift */; };
		DE9B25C31E8D19C80009BE1C /* ChannelsCollectionViewController.swift in Sources */ = {isa = PBXBuildFile; fileRef = DE9B25A91E8D19C80009BE1C /* ChannelsCollectionViewController.swift */; };
		DE9B25C41E8D19C80009BE1C /* FetchedResultsCollectionViewController.swift in Sources */ = {isa = PBXBuildFile; fileRef = DE9B25AA1E8D19C80009BE1C /* FetchedResultsCollectionViewController.swift */; };
		DE9B25C51E8D19C80009BE1C /* LoadingViewController.swift in Sources */ = {isa = PBXBuildFile; fileRef = DE9B25AB1E8D19C80009BE1C /* LoadingViewController.swift */; };
		DE9B25C61E8D19C80009BE1C /* LoginViewController.swift in Sources */ = {isa = PBXBuildFile; fileRef = DE9B25AC1E8D19C80009BE1C /* LoginViewController.swift */; };
		DE9B25C81E8D19C80009BE1C /* SportsCollectionViewController.swift in Sources */ = {isa = PBXBuildFile; fileRef = DE9B25AE1E8D19C80009BE1C /* SportsCollectionViewController.swift */; };
		DE9B25C91E8D19C80009BE1C /* UIViewController+Alert.swift in Sources */ = {isa = PBXBuildFile; fileRef = DE9B25AF1E8D19C80009BE1C /* UIViewController+Alert.swift */; };
		DE9B25CA1E8D19C80009BE1C /* UIViewController+Loading.swift in Sources */ = {isa = PBXBuildFile; fileRef = DE9B25B01E8D19C80009BE1C /* UIViewController+Loading.swift */; };
		DE9B25CB1E8D19C80009BE1C /* UIViewController+Video.swift in Sources */ = {isa = PBXBuildFile; fileRef = DE9B25B11E8D19C80009BE1C /* UIViewController+Video.swift */; };
		DE9B25CC1E8D19C80009BE1C /* KeychainConfiguration.swift in Sources */ = {isa = PBXBuildFile; fileRef = DE9B25B31E8D19C80009BE1C /* KeychainConfiguration.swift */; };
		DE9B25CD1E8D19C80009BE1C /* KeychainPasswordItem.swift in Sources */ = {isa = PBXBuildFile; fileRef = DE9B25B41E8D19C80009BE1C /* KeychainPasswordItem.swift */; };
		DE9B25CE1E8D19C80009BE1C /* Theme.swift in Sources */ = {isa = PBXBuildFile; fileRef = DE9B25B51E8D19C80009BE1C /* Theme.swift */; };
		DE9B25CF1E8D19C80009BE1C /* UIImageEffects.m in Sources */ = {isa = PBXBuildFile; fileRef = DE9B25B71E8D19C80009BE1C /* UIImageEffects.m */; };
		DE9B25D01E8D19C80009BE1C /* FetchedResultsControllerBackedType.swift in Sources */ = {isa = PBXBuildFile; fileRef = DE9B25B91E8D19C80009BE1C /* FetchedResultsControllerBackedType.swift */; };
		DE9B25D11E8D19C80009BE1C /* PersistentContainerSettable.swift in Sources */ = {isa = PBXBuildFile; fileRef = DE9B25BA1E8D19C80009BE1C /* PersistentContainerSettable.swift */; };
		DE9B25D21E8D19C80009BE1C /* DoubleLabelCollectionViewCell.swift in Sources */ = {isa = PBXBuildFile; fileRef = DE9B25BC1E8D19C80009BE1C /* DoubleLabelCollectionViewCell.swift */; };
		DE9B25D31E8D19C80009BE1C /* ImageCollectionViewCell.swift in Sources */ = {isa = PBXBuildFile; fileRef = DE9B25BD1E8D19C80009BE1C /* ImageCollectionViewCell.swift */; };
		DE9B25D41E8D19C80009BE1C /* LiveStreamCollectionViewCell.swift in Sources */ = {isa = PBXBuildFile; fileRef = DE9B25BE1E8D19C80009BE1C /* LiveStreamCollectionViewCell.swift */; };
		DE9B25D51E8D19C80009BE1C /* LogoutFooterCollectionReusableView.swift in Sources */ = {isa = PBXBuildFile; fileRef = DE9B25BF1E8D19C80009BE1C /* LogoutFooterCollectionReusableView.swift */; };
		DE9B25D61E8D19C80009BE1C /* UICollectionView+Extensions.swift in Sources */ = {isa = PBXBuildFile; fileRef = DE9B25C01E8D19C80009BE1C /* UICollectionView+Extensions.swift */; };
		DE9B25D71E8D19C80009BE1C /* WebImageView.swift in Sources */ = {isa = PBXBuildFile; fileRef = DE9B25C11E8D19C80009BE1C /* WebImageView.swift */; };
		DEC4275D1CF9D8C000AE8C31 /* Localizable.strings in Resources */ = {isa = PBXBuildFile; fileRef = DEC4275F1CF9D8C000AE8C31 /* Localizable.strings */; };
		DEFC4CAB1D06EE43000C0711 /* EurosportKit.framework in Embed Frameworks */ = {isa = PBXBuildFile; fileRef = DE39BC671CE764F700347716 /* EurosportKit.framework */; settings = {ATTRIBUTES = (CodeSignOnCopy, RemoveHeadersOnCopy, ); }; };
/* End PBXBuildFile section */

/* Begin PBXContainerItemProxy section */
		DE39BC721CE764F700347716 /* PBXContainerItemProxy */ = {
			isa = PBXContainerItemProxy;
			containerPortal = DE969D671CD50B1300A8A313 /* Project object */;
			proxyType = 1;
			remoteGlobalIDString = DE39BC661CE764F700347716;
			remoteInfo = EurosportKit;
		};
		DEFC4CAC1D06EE43000C0711 /* PBXContainerItemProxy */ = {
			isa = PBXContainerItemProxy;
			containerPortal = DE969D671CD50B1300A8A313 /* Project object */;
			proxyType = 1;
			remoteGlobalIDString = DE39BC661CE764F700347716;
			remoteInfo = EurosportKit;
		};
/* End PBXContainerItemProxy section */

/* Begin PBXCopyFilesBuildPhase section */
		DEFC4CAE1D06EE43000C0711 /* Embed Frameworks */ = {
			isa = PBXCopyFilesBuildPhase;
			buildActionMask = 2147483647;
			dstPath = "";
			dstSubfolderSpec = 10;
			files = (
				DEFC4CAB1D06EE43000C0711 /* EurosportKit.framework in Embed Frameworks */,
			);
			name = "Embed Frameworks";
			runOnlyForDeploymentPostprocessing = 0;
		};
/* End PBXCopyFilesBuildPhase section */

/* Begin PBXFileReference section */
		DE1D180B1E8D292200E2D673 /* AuthenticatedResource.swift */ = {isa = PBXFileReference; fileEncoding = 4; lastKnownFileType = sourcecode.swift; path = AuthenticatedResource.swift; sourceTree = "<group>"; };
		DE1D180C1E8D292200E2D673 /* Catchup+Networking.swift */ = {isa = PBXFileReference; fileEncoding = 4; lastKnownFileType = sourcecode.swift; path = "Catchup+Networking.swift"; sourceTree = "<group>"; };
		DE1D180D1E8D292200E2D673 /* Catchup.swift */ = {isa = PBXFileReference; fileEncoding = 4; lastKnownFileType = sourcecode.swift; path = Catchup.swift; sourceTree = "<group>"; };
		DE1D180E1E8D292200E2D673 /* CatchupStream.swift */ = {isa = PBXFileReference; fileEncoding = 4; lastKnownFileType = sourcecode.swift; path = CatchupStream.swift; sourceTree = "<group>"; };
		DE1D180F1E8D292200E2D673 /* Channel+Networking.swift */ = {isa = PBXFileReference; fileEncoding = 4; lastKnownFileType = sourcecode.swift; path = "Channel+Networking.swift"; sourceTree = "<group>"; };
		DE1D18101E8D292200E2D673 /* Channel.swift */ = {isa = PBXFileReference; fileEncoding = 4; lastKnownFileType = sourcecode.swift; path = Channel.swift; sourceTree = "<group>"; };
		DE1D18121E8D292200E2D673 /* Catchup+CoreDataClass.swift */ = {isa = PBXFileReference; fileEncoding = 4; lastKnownFileType = sourcecode.swift; path = "Catchup+CoreDataClass.swift"; sourceTree = "<group>"; };
		DE1D18131E8D292200E2D673 /* Catchup+CoreDataProperties.swift */ = {isa = PBXFileReference; fileEncoding = 4; lastKnownFileType = sourcecode.swift; path = "Catchup+CoreDataProperties.swift"; sourceTree = "<group>"; };
		DE1D18141E8D292200E2D673 /* CatchupStream+CoreDataClass.swift */ = {isa = PBXFileReference; fileEncoding = 4; lastKnownFileType = sourcecode.swift; path = "CatchupStream+CoreDataClass.swift"; sourceTree = "<group>"; };
		DE1D18151E8D292200E2D673 /* CatchupStream+CoreDataProperties.swift */ = {isa = PBXFileReference; fileEncoding = 4; lastKnownFileType = sourcecode.swift; path = "CatchupStream+CoreDataProperties.swift"; sourceTree = "<group>"; };
		DE1D18161E8D292200E2D673 /* Channel+CoreDataClass.swift */ = {isa = PBXFileReference; fileEncoding = 4; lastKnownFileType = sourcecode.swift; path = "Channel+CoreDataClass.swift"; sourceTree = "<group>"; };
		DE1D18171E8D292200E2D673 /* Channel+CoreDataProperties.swift */ = {isa = PBXFileReference; fileEncoding = 4; lastKnownFileType = sourcecode.swift; path = "Channel+CoreDataProperties.swift"; sourceTree = "<group>"; };
		DE1D18181E8D292200E2D673 /* LiveStream+CoreDataClass.swift */ = {isa = PBXFileReference; fileEncoding = 4; lastKnownFileType = sourcecode.swift; path = "LiveStream+CoreDataClass.swift"; sourceTree = "<group>"; };
		DE1D18191E8D292200E2D673 /* LiveStream+CoreDataProperties.swift */ = {isa = PBXFileReference; fileEncoding = 4; lastKnownFileType = sourcecode.swift; path = "LiveStream+CoreDataProperties.swift"; sourceTree = "<group>"; };
		DE1D181A1E8D292200E2D673 /* ScheduledProgramme+CoreDataClass.swift */ = {isa = PBXFileReference; fileEncoding = 4; lastKnownFileType = sourcecode.swift; path = "ScheduledProgramme+CoreDataClass.swift"; sourceTree = "<group>"; };
		DE1D181B1E8D292200E2D673 /* ScheduledProgramme+CoreDataProperties.swift */ = {isa = PBXFileReference; fileEncoding = 4; lastKnownFileType = sourcecode.swift; path = "ScheduledProgramme+CoreDataProperties.swift"; sourceTree = "<group>"; };
		DE1D181C1E8D292200E2D673 /* Sport+CoreDataClass.swift */ = {isa = PBXFileReference; fileEncoding = 4; lastKnownFileType = sourcecode.swift; path = "Sport+CoreDataClass.swift"; sourceTree = "<group>"; };
		DE1D181D1E8D292200E2D673 /* Sport+CoreDataProperties.swift */ = {isa = PBXFileReference; fileEncoding = 4; lastKnownFileType = sourcecode.swift; path = "Sport+CoreDataProperties.swift"; sourceTree = "<group>"; };
		DE1D181E1E8D292200E2D673 /* User+CoreDataClass.swift */ = {isa = PBXFileReference; fileEncoding = 4; lastKnownFileType = sourcecode.swift; path = "User+CoreDataClass.swift"; sourceTree = "<group>"; };
		DE1D181F1E8D292200E2D673 /* User+CoreDataProperties.swift */ = {isa = PBXFileReference; fileEncoding = 4; lastKnownFileType = sourcecode.swift; path = "User+CoreDataProperties.swift"; sourceTree = "<group>"; };
		DE1D18201E8D292200E2D673 /* JSON.swift */ = {isa = PBXFileReference; fileEncoding = 4; lastKnownFileType = sourcecode.swift; path = JSON.swift; sourceTree = "<group>"; };
		DE1D18211E8D292200E2D673 /* LiveStream.swift */ = {isa = PBXFileReference; fileEncoding = 4; lastKnownFileType = sourcecode.swift; path = LiveStream.swift; sourceTree = "<group>"; };
		DE1D18221E8D292200E2D673 /* Result.swift */ = {isa = PBXFileReference; fileEncoding = 4; lastKnownFileType = sourcecode.swift; path = Result.swift; sourceTree = "<group>"; };
		DE1D18231E8D292200E2D673 /* Router.swift */ = {isa = PBXFileReference; fileEncoding = 4; lastKnownFileType = sourcecode.swift; path = Router.swift; sourceTree = "<group>"; };
		DE1D18241E8D292200E2D673 /* ScheduledProgramme.swift */ = {isa = PBXFileReference; fileEncoding = 4; lastKnownFileType = sourcecode.swift; path = ScheduledProgramme.swift; sourceTree = "<group>"; };
		DE1D18251E8D292200E2D673 /* Sport.swift */ = {isa = PBXFileReference; fileEncoding = 4; lastKnownFileType = sourcecode.swift; path = Sport.swift; sourceTree = "<group>"; };
		DE1D18261E8D292200E2D673 /* Token+Networking.swift */ = {isa = PBXFileReference; fileEncoding = 4; lastKnownFileType = sourcecode.swift; path = "Token+Networking.swift"; sourceTree = "<group>"; };
		DE1D18271E8D292200E2D673 /* Token.swift */ = {isa = PBXFileReference; fileEncoding = 4; lastKnownFileType = sourcecode.swift; path = Token.swift; sourceTree = "<group>"; };
		DE1D18281E8D292200E2D673 /* User+Networking.swift */ = {isa = PBXFileReference; fileEncoding = 4; lastKnownFileType = sourcecode.swift; path = "User+Networking.swift"; sourceTree = "<group>"; };
		DE1D18291E8D292200E2D673 /* User.swift */ = {isa = PBXFileReference; fileEncoding = 4; lastKnownFileType = sourcecode.swift; path = User.swift; sourceTree = "<group>"; };
		DE1D182B1E8D292200E2D673 /* CatchupParser.swift */ = {isa = PBXFileReference; fileEncoding = 4; lastKnownFileType = sourcecode.swift; path = CatchupParser.swift; sourceTree = "<group>"; };
		DE1D182C1E8D292200E2D673 /* CatchupStreamParser.swift */ = {isa = PBXFileReference; fileEncoding = 4; lastKnownFileType = sourcecode.swift; path = CatchupStreamParser.swift; sourceTree = "<group>"; };
		DE1D182D1E8D292200E2D673 /* ChannelParser.swift */ = {isa = PBXFileReference; fileEncoding = 4; lastKnownFileType = sourcecode.swift; path = ChannelParser.swift; sourceTree = "<group>"; };
		DE1D182E1E8D292200E2D673 /* DateParser.swift */ = {isa = PBXFileReference; fileEncoding = 4; lastKnownFileType = sourcecode.swift; path = DateParser.swift; sourceTree = "<group>"; };
		DE1D182F1E8D292200E2D673 /* LiveStreamParser.swift */ = {isa = PBXFileReference; fileEncoding = 4; lastKnownFileType = sourcecode.swift; path = LiveStreamParser.swift; sourceTree = "<group>"; };
		DE1D18301E8D292200E2D673 /* ScheduledProgrammeParser.swift */ = {isa = PBXFileReference; fileEncoding = 4; lastKnownFileType = sourcecode.swift; path = ScheduledProgrammeParser.swift; sourceTree = "<group>"; };
		DE1D18311E8D292200E2D673 /* SportParser.swift */ = {isa = PBXFileReference; fileEncoding = 4; lastKnownFileType = sourcecode.swift; path = SportParser.swift; sourceTree = "<group>"; };
		DE1D18321E8D292200E2D673 /* TokenParser.swift */ = {isa = PBXFileReference; fileEncoding = 4; lastKnownFileType = sourcecode.swift; path = TokenParser.swift; sourceTree = "<group>"; };
		DE1D18331E8D292200E2D673 /* UserParser.swift */ = {isa = PBXFileReference; fileEncoding = 4; lastKnownFileType = sourcecode.swift; path = UserParser.swift; sourceTree = "<group>"; };
		DE1D18351E8D292200E2D673 /* Fetchable.swift */ = {isa = PBXFileReference; fileEncoding = 4; lastKnownFileType = sourcecode.swift; path = Fetchable.swift; sourceTree = "<group>"; };
		DE1D18361E8D292200E2D673 /* JSONCoreDataParsingType.swift */ = {isa = PBXFileReference; fileEncoding = 4; lastKnownFileType = sourcecode.swift; path = JSONCoreDataParsingType.swift; sourceTree = "<group>"; };
		DE1D18371E8D292200E2D673 /* JSONParsingType.swift */ = {isa = PBXFileReference; fileEncoding = 4; lastKnownFileType = sourcecode.swift; path = JSONParsingType.swift; sourceTree = "<group>"; };
		DE1D18381E8D292200E2D673 /* NumberIdentifiable.swift */ = {isa = PBXFileReference; fileEncoding = 4; lastKnownFileType = sourcecode.swift; path = NumberIdentifiable.swift; sourceTree = "<group>"; };
		DE1D18391E8D292200E2D673 /* StringIdentifiable.swift */ = {isa = PBXFileReference; fileEncoding = 4; lastKnownFileType = sourcecode.swift; path = StringIdentifiable.swift; sourceTree = "<group>"; };
		DE1D183B1E8D292200E2D673 /* CatchupResponseSerializer.swift */ = {isa = PBXFileReference; fileEncoding = 4; lastKnownFileType = sourcecode.swift; path = CatchupResponseSerializer.swift; sourceTree = "<group>"; };
		DE1D183C1E8D292200E2D673 /* ChannelResponseSerializer.swift */ = {isa = PBXFileReference; fileEncoding = 4; lastKnownFileType = sourcecode.swift; path = ChannelResponseSerializer.swift; sourceTree = "<group>"; };
		DE1D183D1E8D292200E2D673 /* JSONResponseSerializer.swift */ = {isa = PBXFileReference; fileEncoding = 4; lastKnownFileType = sourcecode.swift; path = JSONResponseSerializer.swift; sourceTree = "<group>"; };
		DE1D183E1E8D292200E2D673 /* LoginResponseSerializer.swift */ = {isa = PBXFileReference; fileEncoding = 4; lastKnownFileType = sourcecode.swift; path = LoginResponseSerializer.swift; sourceTree = "<group>"; };
		DE1D183F1E8D292200E2D673 /* ManagedObjectResponseSerializer.swift */ = {isa = PBXFileReference; fileEncoding = 4; lastKnownFileType = sourcecode.swift; path = ManagedObjectResponseSerializer.swift; sourceTree = "<group>"; };
		DE1D18401E8D292200E2D673 /* ResponseSerializer.swift */ = {isa = PBXFileReference; fileEncoding = 4; lastKnownFileType = sourcecode.swift; path = ResponseSerializer.swift; sourceTree = "<group>"; };
		DE1D18411E8D292200E2D673 /* TokenResponseSerializer.swift */ = {isa = PBXFileReference; fileEncoding = 4; lastKnownFileType = sourcecode.swift; path = TokenResponseSerializer.swift; sourceTree = "<group>"; };
		DE1D18421E8D292200E2D673 /* VideoshopResponseSerializer.swift */ = {isa = PBXFileReference; fileEncoding = 4; lastKnownFileType = sourcecode.swift; path = VideoshopResponseSerializer.swift; sourceTree = "<group>"; };
		DE3896CF1DE9CD1A00860BB9 /* Base */ = {isa = PBXFileReference; lastKnownFileType = file.storyboard; name = Base; path = Base.lproj/Main.storyboard; sourceTree = "<group>"; };
		DE3900671DEB2AE10070C48D /* EurosportPlayerTV.entitlements */ = {isa = PBXFileReference; lastKnownFileType = text.plist.entitlements; path = EurosportPlayerTV.entitlements; sourceTree = "<group>"; };
		DE39BC671CE764F700347716 /* EurosportKit.framework */ = {isa = PBXFileReference; explicitFileType = wrapper.framework; includeInIndex = 0; path = EurosportKit.framework; sourceTree = BUILT_PRODUCTS_DIR; };
		DE39BC691CE764F700347716 /* EurosportKit.h */ = {isa = PBXFileReference; lastKnownFileType = sourcecode.c.h; path = EurosportKit.h; sourceTree = "<group>"; };
		DE39BC6B1CE764F700347716 /* Info.plist */ = {isa = PBXFileReference; lastKnownFileType = text.plist.xml; path = Info.plist; sourceTree = "<group>"; };
		DE39BC701CE764F700347716 /* EurosportKitTests.xctest */ = {isa = PBXFileReference; explicitFileType = wrapper.cfbundle; includeInIndex = 0; path = EurosportKitTests.xctest; sourceTree = BUILT_PRODUCTS_DIR; };
		DE39BC771CE764F700347716 /* EurosportKitTests.swift */ = {isa = PBXFileReference; lastKnownFileType = sourcecode.swift; path = EurosportKitTests.swift; sourceTree = "<group>"; };
		DE39BC791CE764F700347716 /* Info.plist */ = {isa = PBXFileReference; lastKnownFileType = text.plist.xml; path = Info.plist; sourceTree = "<group>"; };
		DE8FAA301CFB0C2B00E60A41 /* EurosportPlayerTV-Bridging-Header.h */ = {isa = PBXFileReference; lastKnownFileType = sourcecode.c.h; path = "EurosportPlayerTV-Bridging-Header.h"; sourceTree = "<group>"; };
		DE969D891CD51EA300A8A313 /* EurosportPlayerTV.app */ = {isa = PBXFileReference; explicitFileType = wrapper.application; includeInIndex = 0; path = EurosportPlayerTV.app; sourceTree = BUILT_PRODUCTS_DIR; };
		DE969D8B1CD51EA300A8A313 /* AppDelegate.swift */ = {isa = PBXFileReference; lastKnownFileType = sourcecode.swift; path = AppDelegate.swift; sourceTree = "<group>"; };
		DE969D941CD51EA300A8A313 /* Assets.xcassets */ = {isa = PBXFileReference; lastKnownFileType = folder.assetcatalog; path = Assets.xcassets; sourceTree = "<group>"; };
		DE969D961CD51EA300A8A313 /* Info.plist */ = {isa = PBXFileReference; lastKnownFileType = text.plist.xml; path = Info.plist; sourceTree = "<group>"; };
		DE9B25A81E8D19C80009BE1C /* CatchupsCollectionViewController.swift */ = {isa = PBXFileReference; fileEncoding = 4; lastKnownFileType = sourcecode.swift; path = CatchupsCollectionViewController.swift; sourceTree = "<group>"; };
		DE9B25A91E8D19C80009BE1C /* ChannelsCollectionViewController.swift */ = {isa = PBXFileReference; fileEncoding = 4; lastKnownFileType = sourcecode.swift; path = ChannelsCollectionViewController.swift; sourceTree = "<group>"; };
		DE9B25AA1E8D19C80009BE1C /* FetchedResultsCollectionViewController.swift */ = {isa = PBXFileReference; fileEncoding = 4; lastKnownFileType = sourcecode.swift; path = FetchedResultsCollectionViewController.swift; sourceTree = "<group>"; };
		DE9B25AB1E8D19C80009BE1C /* LoadingViewController.swift */ = {isa = PBXFileReference; fileEncoding = 4; lastKnownFileType = sourcecode.swift; path = LoadingViewController.swift; sourceTree = "<group>"; };
		DE9B25AC1E8D19C80009BE1C /* LoginViewController.swift */ = {isa = PBXFileReference; fileEncoding = 4; lastKnownFileType = sourcecode.swift; path = LoginViewController.swift; sourceTree = "<group>"; };
		DE9B25AE1E8D19C80009BE1C /* SportsCollectionViewController.swift */ = {isa = PBXFileReference; fileEncoding = 4; lastKnownFileType = sourcecode.swift; path = SportsCollectionViewController.swift; sourceTree = "<group>"; };
		DE9B25AF1E8D19C80009BE1C /* UIViewController+Alert.swift */ = {isa = PBXFileReference; fileEncoding = 4; lastKnownFileType = sourcecode.swift; path = "UIViewController+Alert.swift"; sourceTree = "<group>"; };
		DE9B25B01E8D19C80009BE1C /* UIViewController+Loading.swift */ = {isa = PBXFileReference; fileEncoding = 4; lastKnownFileType = sourcecode.swift; path = "UIViewController+Loading.swift"; sourceTree = "<group>"; };
		DE9B25B11E8D19C80009BE1C /* UIViewController+Video.swift */ = {isa = PBXFileReference; fileEncoding = 4; lastKnownFileType = sourcecode.swift; path = "UIViewController+Video.swift"; sourceTree = "<group>"; };
		DE9B25B31E8D19C80009BE1C /* KeychainConfiguration.swift */ = {isa = PBXFileReference; fileEncoding = 4; lastKnownFileType = sourcecode.swift; path = KeychainConfiguration.swift; sourceTree = "<group>"; };
		DE9B25B41E8D19C80009BE1C /* KeychainPasswordItem.swift */ = {isa = PBXFileReference; fileEncoding = 4; lastKnownFileType = sourcecode.swift; path = KeychainPasswordItem.swift; sourceTree = "<group>"; };
		DE9B25B51E8D19C80009BE1C /* Theme.swift */ = {isa = PBXFileReference; fileEncoding = 4; lastKnownFileType = sourcecode.swift; path = Theme.swift; sourceTree = "<group>"; };
		DE9B25B61E8D19C80009BE1C /* UIImageEffects.h */ = {isa = PBXFileReference; fileEncoding = 4; lastKnownFileType = sourcecode.c.h; path = UIImageEffects.h; sourceTree = "<group>"; };
		DE9B25B71E8D19C80009BE1C /* UIImageEffects.m */ = {isa = PBXFileReference; fileEncoding = 4; lastKnownFileType = sourcecode.c.objc; path = UIImageEffects.m; sourceTree = "<group>"; };
		DE9B25B91E8D19C80009BE1C /* FetchedResultsControllerBackedType.swift */ = {isa = PBXFileReference; fileEncoding = 4; lastKnownFileType = sourcecode.swift; path = FetchedResultsControllerBackedType.swift; sourceTree = "<group>"; };
		DE9B25BA1E8D19C80009BE1C /* PersistentContainerSettable.swift */ = {isa = PBXFileReference; fileEncoding = 4; lastKnownFileType = sourcecode.swift; path = PersistentContainerSettable.swift; sourceTree = "<group>"; };
		DE9B25BC1E8D19C80009BE1C /* DoubleLabelCollectionViewCell.swift */ = {isa = PBXFileReference; fileEncoding = 4; lastKnownFileType = sourcecode.swift; path = DoubleLabelCollectionViewCell.swift; sourceTree = "<group>"; };
		DE9B25BD1E8D19C80009BE1C /* ImageCollectionViewCell.swift */ = {isa = PBXFileReference; fileEncoding = 4; lastKnownFileType = sourcecode.swift; path = ImageCollectionViewCell.swift; sourceTree = "<group>"; };
		DE9B25BE1E8D19C80009BE1C /* LiveStreamCollectionViewCell.swift */ = {isa = PBXFileReference; fileEncoding = 4; lastKnownFileType = sourcecode.swift; path = LiveStreamCollectionViewCell.swift; sourceTree = "<group>"; };
		DE9B25BF1E8D19C80009BE1C /* LogoutFooterCollectionReusableView.swift */ = {isa = PBXFileReference; fileEncoding = 4; lastKnownFileType = sourcecode.swift; path = LogoutFooterCollectionReusableView.swift; sourceTree = "<group>"; };
		DE9B25C01E8D19C80009BE1C /* UICollectionView+Extensions.swift */ = {isa = PBXFileReference; fileEncoding = 4; lastKnownFileType = sourcecode.swift; path = "UICollectionView+Extensions.swift"; sourceTree = "<group>"; };
		DE9B25C11E8D19C80009BE1C /* WebImageView.swift */ = {isa = PBXFileReference; fileEncoding = 4; lastKnownFileType = sourcecode.swift; path = WebImageView.swift; sourceTree = "<group>"; };
		DEC4275E1CF9D8C000AE8C31 /* Base */ = {isa = PBXFileReference; lastKnownFileType = text.plist.strings; name = Base; path = Base.lproj/Localizable.strings; sourceTree = "<group>"; };
		DED8A93F1E093D2D00CD47FC /* fr */ = {isa = PBXFileReference; lastKnownFileType = text.plist.strings; name = fr; path = fr.lproj/Main.strings; sourceTree = "<group>"; };
		DED8A9401E093D2D00CD47FC /* fr */ = {isa = PBXFileReference; lastKnownFileType = text.plist.strings; name = fr; path = fr.lproj/Localizable.strings; sourceTree = "<group>"; };
		DED8A94E1E09427500CD47FC /* de */ = {isa = PBXFileReference; lastKnownFileType = text.plist.strings; name = de; path = de.lproj/Main.strings; sourceTree = "<group>"; };
		DED8A94F1E09427500CD47FC /* de */ = {isa = PBXFileReference; lastKnownFileType = text.plist.strings; name = de; path = de.lproj/Localizable.strings; sourceTree = "<group>"; };
		DED8A9501E0942D500CD47FC /* it */ = {isa = PBXFileReference; lastKnownFileType = text.plist.strings; name = it; path = it.lproj/Main.strings; sourceTree = "<group>"; };
		DED8A9511E0942D500CD47FC /* it */ = {isa = PBXFileReference; lastKnownFileType = text.plist.strings; name = it; path = it.lproj/Localizable.strings; sourceTree = "<group>"; };
		DED8A9521E0942DB00CD47FC /* es */ = {isa = PBXFileReference; lastKnownFileType = text.plist.strings; name = es; path = es.lproj/Main.strings; sourceTree = "<group>"; };
		DED8A9531E0942DB00CD47FC /* es */ = {isa = PBXFileReference; lastKnownFileType = text.plist.strings; name = es; path = es.lproj/Localizable.strings; sourceTree = "<group>"; };
/* End PBXFileReference section */

/* Begin PBXFrameworksBuildPhase section */
		DE39BC631CE764F700347716 /* Frameworks */ = {
			isa = PBXFrameworksBuildPhase;
			buildActionMask = 2147483647;
			files = (
			);
			runOnlyForDeploymentPostprocessing = 0;
		};
		DE39BC6D1CE764F700347716 /* Frameworks */ = {
			isa = PBXFrameworksBuildPhase;
			buildActionMask = 2147483647;
			files = (
				DE39BC711CE764F700347716 /* EurosportKit.framework in Frameworks */,
			);
			runOnlyForDeploymentPostprocessing = 0;
		};
		DE969D861CD51EA300A8A313 /* Frameworks */ = {
			isa = PBXFrameworksBuildPhase;
			buildActionMask = 2147483647;
			files = (
			);
			runOnlyForDeploymentPostprocessing = 0;
		};
/* End PBXFrameworksBuildPhase section */

/* Begin PBXGroup section */
		DE1D180A1E8D292200E2D673 /* Models */ = {
			isa = PBXGroup;
			children = (
				DE1D180B1E8D292200E2D673 /* AuthenticatedResource.swift */,
				DE1D180C1E8D292200E2D673 /* Catchup+Networking.swift */,
				DE1D180D1E8D292200E2D673 /* Catchup.swift */,
				DE1D180E1E8D292200E2D673 /* CatchupStream.swift */,
				DE1D180F1E8D292200E2D673 /* Channel+Networking.swift */,
				DE1D18101E8D292200E2D673 /* Channel.swift */,
				DE1D18111E8D292200E2D673 /* Generated */,
				DE1D18201E8D292200E2D673 /* JSON.swift */,
				DE1D18211E8D292200E2D673 /* LiveStream.swift */,
				DE1D18221E8D292200E2D673 /* Result.swift */,
				DE1D18231E8D292200E2D673 /* Router.swift */,
				DE1D18241E8D292200E2D673 /* ScheduledProgramme.swift */,
				DE1D18251E8D292200E2D673 /* Sport.swift */,
				DE1D18261E8D292200E2D673 /* Token+Networking.swift */,
				DE1D18271E8D292200E2D673 /* Token.swift */,
				DE1D18281E8D292200E2D673 /* User+Networking.swift */,
				DE1D18291E8D292200E2D673 /* User.swift */,
			);
			path = Models;
			sourceTree = "<group>";
		};
		DE1D18111E8D292200E2D673 /* Generated */ = {
			isa = PBXGroup;
			children = (
				DE1D18121E8D292200E2D673 /* Catchup+CoreDataClass.swift */,
				DE1D18131E8D292200E2D673 /* Catchup+CoreDataProperties.swift */,
				DE1D18141E8D292200E2D673 /* CatchupStream+CoreDataClass.swift */,
				DE1D18151E8D292200E2D673 /* CatchupStream+CoreDataProperties.swift */,
				DE1D18161E8D292200E2D673 /* Channel+CoreDataClass.swift */,
				DE1D18171E8D292200E2D673 /* Channel+CoreDataProperties.swift */,
				DE1D18181E8D292200E2D673 /* LiveStream+CoreDataClass.swift */,
				DE1D18191E8D292200E2D673 /* LiveStream+CoreDataProperties.swift */,
				DE1D181A1E8D292200E2D673 /* ScheduledProgramme+CoreDataClass.swift */,
				DE1D181B1E8D292200E2D673 /* ScheduledProgramme+CoreDataProperties.swift */,
				DE1D181C1E8D292200E2D673 /* Sport+CoreDataClass.swift */,
				DE1D181D1E8D292200E2D673 /* Sport+CoreDataProperties.swift */,
				DE1D181E1E8D292200E2D673 /* User+CoreDataClass.swift */,
				DE1D181F1E8D292200E2D673 /* User+CoreDataProperties.swift */,
			);
			path = Generated;
			sourceTree = "<group>";
		};
		DE1D182A1E8D292200E2D673 /* Parsers */ = {
			isa = PBXGroup;
			children = (
				DE1D182B1E8D292200E2D673 /* CatchupParser.swift */,
				DE1D182C1E8D292200E2D673 /* CatchupStreamParser.swift */,
				DE1D182D1E8D292200E2D673 /* ChannelParser.swift */,
				DE1D182E1E8D292200E2D673 /* DateParser.swift */,
				DE1D182F1E8D292200E2D673 /* LiveStreamParser.swift */,
				DE1D18301E8D292200E2D673 /* ScheduledProgrammeParser.swift */,
				DE1D18311E8D292200E2D673 /* SportParser.swift */,
				DE1D18321E8D292200E2D673 /* TokenParser.swift */,
				DE1D18331E8D292200E2D673 /* UserParser.swift */,
			);
			path = Parsers;
			sourceTree = "<group>";
		};
		DE1D18341E8D292200E2D673 /* Protocols */ = {
			isa = PBXGroup;
			children = (
				DE1D18351E8D292200E2D673 /* Fetchable.swift */,
				DE1D18361E8D292200E2D673 /* JSONCoreDataParsingType.swift */,
				DE1D18371E8D292200E2D673 /* JSONParsingType.swift */,
				DE1D18381E8D292200E2D673 /* NumberIdentifiable.swift */,
				DE1D18391E8D292200E2D673 /* StringIdentifiable.swift */,
			);
			path = Protocols;
			sourceTree = "<group>";
		};
		DE1D183A1E8D292200E2D673 /* Serialisers */ = {
			isa = PBXGroup;
			children = (
				DE1D183B1E8D292200E2D673 /* CatchupResponseSerializer.swift */,
				DE1D183C1E8D292200E2D673 /* ChannelResponseSerializer.swift */,
				DE1D183D1E8D292200E2D673 /* JSONResponseSerializer.swift */,
				DE1D183E1E8D292200E2D673 /* LoginResponseSerializer.swift */,
				DE1D183F1E8D292200E2D673 /* ManagedObjectResponseSerializer.swift */,
				DE1D18401E8D292200E2D673 /* ResponseSerializer.swift */,
				DE1D18411E8D292200E2D673 /* TokenResponseSerializer.swift */,
				DE1D18421E8D292200E2D673 /* VideoshopResponseSerializer.swift */,
			);
			path = Serialisers;
			sourceTree = "<group>";
		};
		DE39BC681CE764F700347716 /* EurosportKit */ = {
			isa = PBXGroup;
			children = (
				DE1D180A1E8D292200E2D673 /* Models */,
				DE1D182A1E8D292200E2D673 /* Parsers */,
				DE1D18341E8D292200E2D673 /* Protocols */,
				DE1D183A1E8D292200E2D673 /* Serialisers */,
				DE39BC691CE764F700347716 /* EurosportKit.h */,
				DE39BC6B1CE764F700347716 /* Info.plist */,
			);
			path = EurosportKit;
			sourceTree = "<group>";
		};
		DE39BC761CE764F700347716 /* EurosportKitTests */ = {
			isa = PBXGroup;
			children = (
				DE39BC771CE764F700347716 /* EurosportKitTests.swift */,
				DE39BC791CE764F700347716 /* Info.plist */,
			);
			path = EurosportKitTests;
			sourceTree = "<group>";
		};
		DE969D661CD50B1300A8A313 = {
			isa = PBXGroup;
			children = (
				DE969D8A1CD51EA300A8A313 /* EurosportPlayerTV */,
				DE39BC681CE764F700347716 /* EurosportKit */,
				DE39BC761CE764F700347716 /* EurosportKitTests */,
				DE969D701CD50B1300A8A313 /* Products */,
			);
			sourceTree = "<group>";
		};
		DE969D701CD50B1300A8A313 /* Products */ = {
			isa = PBXGroup;
			children = (
				DE969D891CD51EA300A8A313 /* EurosportPlayerTV.app */,
				DE39BC671CE764F700347716 /* EurosportKit.framework */,
				DE39BC701CE764F700347716 /* EurosportKitTests.xctest */,
			);
			name = Products;
			sourceTree = "<group>";
		};
		DE969D8A1CD51EA300A8A313 /* EurosportPlayerTV */ = {
			isa = PBXGroup;
			children = (
				DE9B25D91E8D19EF0009BE1C /* Other Sources */,
				DE9B25D81E8D19D90009BE1C /* Resources */,
				DE9B25A71E8D19C80009BE1C /* Controllers */,
				DE9B25B21E8D19C80009BE1C /* Models */,
				DE9B25B81E8D19C80009BE1C /* Protocols */,
				DE9B25BB1E8D19C80009BE1C /* Views */,
			);
			path = EurosportPlayerTV;
			sourceTree = "<group>";
		};
		DE9B25A71E8D19C80009BE1C /* Controllers */ = {
			isa = PBXGroup;
			children = (
				DE9B25A81E8D19C80009BE1C /* CatchupsCollectionViewController.swift */,
				DE9B25A91E8D19C80009BE1C /* ChannelsCollectionViewController.swift */,
				DE9B25AE1E8D19C80009BE1C /* SportsCollectionViewController.swift */,
				DE9B25AA1E8D19C80009BE1C /* FetchedResultsCollectionViewController.swift */,
				DE9B25AB1E8D19C80009BE1C /* LoadingViewController.swift */,
				DE9B25AC1E8D19C80009BE1C /* LoginViewController.swift */,
				DE9B25AF1E8D19C80009BE1C /* UIViewController+Alert.swift */,
				DE9B25B01E8D19C80009BE1C /* UIViewController+Loading.swift */,
				DE9B25B11E8D19C80009BE1C /* UIViewController+Video.swift */,
			);
			path = Controllers;
			sourceTree = "<group>";
		};
		DE9B25B21E8D19C80009BE1C /* Models */ = {
			isa = PBXGroup;
			children = (
				DE9B25B31E8D19C80009BE1C /* KeychainConfiguration.swift */,
				DE9B25B41E8D19C80009BE1C /* KeychainPasswordItem.swift */,
				DE9B25B51E8D19C80009BE1C /* Theme.swift */,
				DE9B25B61E8D19C80009BE1C /* UIImageEffects.h */,
				DE9B25B71E8D19C80009BE1C /* UIImageEffects.m */,
			);
			path = Models;
			sourceTree = "<group>";
		};
		DE9B25B81E8D19C80009BE1C /* Protocols */ = {
			isa = PBXGroup;
			children = (
				DE9B25B91E8D19C80009BE1C /* FetchedResultsControllerBackedType.swift */,
				DE9B25BA1E8D19C80009BE1C /* PersistentContainerSettable.swift */,
			);
			path = Protocols;
			sourceTree = "<group>";
		};
		DE9B25BB1E8D19C80009BE1C /* Views */ = {
			isa = PBXGroup;
			children = (
				DE9B25BC1E8D19C80009BE1C /* DoubleLabelCollectionViewCell.swift */,
				DE9B25BD1E8D19C80009BE1C /* ImageCollectionViewCell.swift */,
				DE9B25BE1E8D19C80009BE1C /* LiveStreamCollectionViewCell.swift */,
				DE9B25BF1E8D19C80009BE1C /* LogoutFooterCollectionReusableView.swift */,
				DE9B25C01E8D19C80009BE1C /* UICollectionView+Extensions.swift */,
				DE9B25C11E8D19C80009BE1C /* WebImageView.swift */,
			);
			path = Views;
			sourceTree = "<group>";
		};
		DE9B25D81E8D19D90009BE1C /* Resources */ = {
			isa = PBXGroup;
			children = (
				DEC4275F1CF9D8C000AE8C31 /* Localizable.strings */,
				DE3900671DEB2AE10070C48D /* EurosportPlayerTV.entitlements */,
				DE969D961CD51EA300A8A313 /* Info.plist */,
				DE3896CE1DE9CD1A00860BB9 /* Main.storyboard */,
				DE969D941CD51EA300A8A313 /* Assets.xcassets */,
			);
			name = Resources;
			sourceTree = "<group>";
		};
		DE9B25D91E8D19EF0009BE1C /* Other Sources */ = {
			isa = PBXGroup;
			children = (
				DE969D8B1CD51EA300A8A313 /* AppDelegate.swift */,
				DE8FAA301CFB0C2B00E60A41 /* EurosportPlayerTV-Bridging-Header.h */,
			);
			name = "Other Sources";
			sourceTree = "<group>";
		};
/* End PBXGroup section */

/* Begin PBXHeadersBuildPhase section */
		DE39BC641CE764F700347716 /* Headers */ = {
			isa = PBXHeadersBuildPhase;
			buildActionMask = 2147483647;
			files = (
				DE39BC6A1CE764F700347716 /* EurosportKit.h in Headers */,
			);
			runOnlyForDeploymentPostprocessing = 0;
		};
/* End PBXHeadersBuildPhase section */

/* Begin PBXNativeTarget section */
		DE39BC661CE764F700347716 /* EurosportKit */ = {
			isa = PBXNativeTarget;
			buildConfigurationList = DE39BC821CE764F700347716 /* Build configuration list for PBXNativeTarget "EurosportKit" */;
			buildPhases = (
				DE39BC621CE764F700347716 /* Sources */,
				DE39BC631CE764F700347716 /* Frameworks */,
				DE39BC641CE764F700347716 /* Headers */,
				DE39BC651CE764F700347716 /* Resources */,
			);
			buildRules = (
			);
			dependencies = (
			);
			name = EurosportKit;
			productName = EurosportKit;
			productReference = DE39BC671CE764F700347716 /* EurosportKit.framework */;
			productType = "com.apple.product-type.framework";
		};
		DE39BC6F1CE764F700347716 /* EurosportKitTests */ = {
			isa = PBXNativeTarget;
			buildConfigurationList = DE39BC841CE764F700347716 /* Build configuration list for PBXNativeTarget "EurosportKitTests" */;
			buildPhases = (
				DE39BC6C1CE764F700347716 /* Sources */,
				DE39BC6D1CE764F700347716 /* Frameworks */,
				DE39BC6E1CE764F700347716 /* Resources */,
			);
			buildRules = (
			);
			dependencies = (
				DE39BC731CE764F700347716 /* PBXTargetDependency */,
			);
			name = EurosportKitTests;
			productName = EurosportKitTests;
			productReference = DE39BC701CE764F700347716 /* EurosportKitTests.xctest */;
			productType = "com.apple.product-type.bundle.unit-test";
		};
		DE969D881CD51EA300A8A313 /* EurosportPlayerTV */ = {
			isa = PBXNativeTarget;
			buildConfigurationList = DE969D971CD51EA300A8A313 /* Build configuration list for PBXNativeTarget "EurosportPlayerTV" */;
			buildPhases = (
				DE6019641E84426900E0AF3B /* ShellScript */,
				DE969D851CD51EA300A8A313 /* Sources */,
				DE969D861CD51EA300A8A313 /* Frameworks */,
				DE969D871CD51EA300A8A313 /* Resources */,
				DEFC4CAE1D06EE43000C0711 /* Embed Frameworks */,
			);
			buildRules = (
			);
			dependencies = (
				DEFC4CAD1D06EE43000C0711 /* PBXTargetDependency */,
			);
			name = EurosportPlayerTV;
			productName = EurosportPlayerTV;
			productReference = DE969D891CD51EA300A8A313 /* EurosportPlayerTV.app */;
			productType = "com.apple.product-type.application";
		};
/* End PBXNativeTarget section */

/* Begin PBXProject section */
		DE969D671CD50B1300A8A313 /* Project object */ = {
			isa = PBXProject;
			attributes = {
				LastSwiftUpdateCheck = 0730;
				LastUpgradeCheck = 0800;
				ORGANIZATIONNAME = "Alexander Edge";
				TargetAttributes = {
					DE39BC661CE764F700347716 = {
						CreatedOnToolsVersion = 7.3.1;
						DevelopmentTeam = V8TM8C6P7Y;
						LastSwiftMigration = 0820;
					};
					DE39BC6F1CE764F700347716 = {
						CreatedOnToolsVersion = 7.3.1;
						TestTargetID = DE969D6E1CD50B1300A8A313;
					};
					DE969D881CD51EA300A8A313 = {
						CreatedOnToolsVersion = 7.3.1;
						DevelopmentTeam = V8TM8C6P7Y;
						LastSwiftMigration = 0800;
						SystemCapabilities = {
							com.apple.BackgroundModes.appletvos = {
								enabled = 0;
							};
							com.apple.Keychain = {
								enabled = 0;
							};
						};
					};
				};
			};
			buildConfigurationList = DE969D6A1CD50B1300A8A313 /* Build configuration list for PBXProject "EurosportPlayer" */;
			compatibilityVersion = "Xcode 8.0";
			developmentRegion = English;
			hasScannedForEncodings = 0;
			knownRegions = (
				en,
				Base,
				fr,
				French,
				de,
				it,
				es,
			);
			mainGroup = DE969D661CD50B1300A8A313;
			productRefGroup = DE969D701CD50B1300A8A313 /* Products */;
			projectDirPath = "";
			projectRoot = "";
			targets = (
				DE969D881CD51EA300A8A313 /* EurosportPlayerTV */,
				DE39BC661CE764F700347716 /* EurosportKit */,
				DE39BC6F1CE764F700347716 /* EurosportKitTests */,
			);
		};
/* End PBXProject section */

/* Begin PBXResourcesBuildPhase section */
		DE39BC651CE764F700347716 /* Resources */ = {
			isa = PBXResourcesBuildPhase;
			buildActionMask = 2147483647;
			files = (
			);
			runOnlyForDeploymentPostprocessing = 0;
		};
		DE39BC6E1CE764F700347716 /* Resources */ = {
			isa = PBXResourcesBuildPhase;
			buildActionMask = 2147483647;
			files = (
			);
			runOnlyForDeploymentPostprocessing = 0;
		};
		DE969D871CD51EA300A8A313 /* Resources */ = {
			isa = PBXResourcesBuildPhase;
			buildActionMask = 2147483647;
			files = (
				DE3896D01DE9CD1A00860BB9 /* Main.storyboard in Resources */,
				DE969D951CD51EA300A8A313 /* Assets.xcassets in Resources */,
				DEC4275D1CF9D8C000AE8C31 /* Localizable.strings in Resources */,
			);
			runOnlyForDeploymentPostprocessing = 0;
		};
/* End PBXResourcesBuildPhase section */

/* Begin PBXShellScriptBuildPhase section */
		DE6019641E84426900E0AF3B /* ShellScript */ = {
			isa = PBXShellScriptBuildPhase;
			buildActionMask = 2147483647;
			files = (
			);
			inputPaths = (
			);
			outputPaths = (
			);
			runOnlyForDeploymentPostprocessing = 0;
			shellPath = /bin/sh;
			shellScript = "if which swiftlint >/dev/null; then\necho \"hi\"\n#swiftlint\nelse\necho \"warning: SwiftLint not installed, download from https://github.com/realm/SwiftLint\"\nfi";
		};
/* End PBXShellScriptBuildPhase section */

/* Begin PBXSourcesBuildPhase section */
		DE39BC621CE764F700347716 /* Sources */ = {
			isa = PBXSourcesBuildPhase;
			buildActionMask = 2147483647;
			files = (
				DE1D186D1E8D292200E2D673 /* NumberIdentifiable.swift in Sources */,
				DE1D186F1E8D292200E2D673 /* CatchupResponseSerializer.swift in Sources */,
				DE1D18531E8D292200E2D673 /* Sport+CoreDataClass.swift in Sources */,
				DE1D18571E8D292200E2D673 /* JSON.swift in Sources */,
				DE1D185A1E8D292200E2D673 /* Router.swift in Sources */,
				DE1D18611E8D292200E2D673 /* CatchupParser.swift in Sources */,
				DE1D18621E8D292200E2D673 /* CatchupStreamParser.swift in Sources */,
				DE1D18731E8D292200E2D673 /* ManagedObjectResponseSerializer.swift in Sources */,
				DE1D186B1E8D292200E2D673 /* JSONCoreDataParsingType.swift in Sources */,
				DE1D18511E8D292200E2D673 /* ScheduledProgramme+CoreDataClass.swift in Sources */,
				DE1D18601E8D292200E2D673 /* User.swift in Sources */,
				DE1D18521E8D292200E2D673 /* ScheduledProgramme+CoreDataProperties.swift in Sources */,
				DE1D184B1E8D292200E2D673 /* CatchupStream+CoreDataClass.swift in Sources */,
				DE1D18481E8D292200E2D673 /* Channel.swift in Sources */,
				DE1D18741E8D292200E2D673 /* ResponseSerializer.swift in Sources */,
				DE1D18591E8D292200E2D673 /* Result.swift in Sources */,
				DE1D18721E8D292200E2D673 /* LoginResponseSerializer.swift in Sources */,
				DE1D18701E8D292200E2D673 /* ChannelResponseSerializer.swift in Sources */,
				DE1D18581E8D292200E2D673 /* LiveStream.swift in Sources */,
				DE1D18451E8D292200E2D673 /* Catchup.swift in Sources */,
				DE1D186E1E8D292200E2D673 /* StringIdentifiable.swift in Sources */,
				DE1D185F1E8D292200E2D673 /* User+Networking.swift in Sources */,
				DE1D186C1E8D292200E2D673 /* JSONParsingType.swift in Sources */,
				DE1D185B1E8D292200E2D673 /* ScheduledProgramme.swift in Sources */,
				DE1D18671E8D292200E2D673 /* SportParser.swift in Sources */,
				DE1D18661E8D292200E2D673 /* ScheduledProgrammeParser.swift in Sources */,
				DE1D18751E8D292200E2D673 /* TokenResponseSerializer.swift in Sources */,
				DE1D18541E8D292200E2D673 /* Sport+CoreDataProperties.swift in Sources */,
				DE1D18491E8D292200E2D673 /* Catchup+CoreDataClass.swift in Sources */,
				DE1D18681E8D292200E2D673 /* TokenParser.swift in Sources */,
				DE1D184A1E8D292200E2D673 /* Catchup+CoreDataProperties.swift in Sources */,
				DE1D185E1E8D292200E2D673 /* Token.swift in Sources */,
				DE1D184F1E8D292200E2D673 /* LiveStream+CoreDataClass.swift in Sources */,
				DE1D18461E8D292200E2D673 /* CatchupStream.swift in Sources */,
				DE1D184C1E8D292200E2D673 /* CatchupStream+CoreDataProperties.swift in Sources */,
				DE1D18641E8D292200E2D673 /* DateParser.swift in Sources */,
				DE1D18471E8D292200E2D673 /* Channel+Networking.swift in Sources */,
				DE1D185C1E8D292200E2D673 /* Sport.swift in Sources */,
				DE1D18651E8D292200E2D673 /* LiveStreamParser.swift in Sources */,
				DE1D18551E8D292200E2D673 /* User+CoreDataClass.swift in Sources */,
				DE1D18691E8D292200E2D673 /* UserParser.swift in Sources */,
				DE1D186A1E8D292200E2D673 /* Fetchable.swift in Sources */,
				DE1D18431E8D292200E2D673 /* AuthenticatedResource.swift in Sources */,
				DE1D18441E8D292200E2D673 /* Catchup+Networking.swift in Sources */,
				DE1D18561E8D292200E2D673 /* User+CoreDataProperties.swift in Sources */,
				DE1D18711E8D292200E2D673 /* JSONResponseSerializer.swift in Sources */,
				DE1D184D1E8D292200E2D673 /* Channel+CoreDataClass.swift in Sources */,
				DE1D18631E8D292200E2D673 /* ChannelParser.swift in Sources */,
				DE1D185D1E8D292200E2D673 /* Token+Networking.swift in Sources */,
				DE1D18761E8D292200E2D673 /* VideoshopResponseSerializer.swift in Sources */,
				DE1D184E1E8D292200E2D673 /* Channel+CoreDataProperties.swift in Sources */,
				DE1D18501E8D292200E2D673 /* LiveStream+CoreDataProperties.swift in Sources */,
			);
			runOnlyForDeploymentPostprocessing = 0;
		};
		DE39BC6C1CE764F700347716 /* Sources */ = {
			isa = PBXSourcesBuildPhase;
			buildActionMask = 2147483647;
			files = (
				DE39BC781CE764F700347716 /* EurosportKitTests.swift in Sources */,
			);
			runOnlyForDeploymentPostprocessing = 0;
		};
		DE969D851CD51EA300A8A313 /* Sources */ = {
			isa = PBXSourcesBuildPhase;
			buildActionMask = 2147483647;
			files = (
				DE9B25C91E8D19C80009BE1C /* UIViewController+Alert.swift in Sources */,
				DE9B25C61E8D19C80009BE1C /* LoginViewController.swift in Sources */,
				DE9B25D51E8D19C80009BE1C /* LogoutFooterCollectionReusableView.swift in Sources */,
				DE969D8C1CD51EA300A8A313 /* AppDelegate.swift in Sources */,
				DE9B25D61E8D19C80009BE1C /* UICollectionView+Extensions.swift in Sources */,
				DE9B25CA1E8D19C80009BE1C /* UIViewController+Loading.swift in Sources */,
				DE9B25C21E8D19C80009BE1C /* CatchupsCollectionViewController.swift in Sources */,
				DE9B25CB1E8D19C80009BE1C /* UIViewController+Video.swift in Sources */,
				DE9B25D21E8D19C80009BE1C /* DoubleLabelCollectionViewCell.swift in Sources */,
				DE9B25CC1E8D19C80009BE1C /* KeychainConfiguration.swift in Sources */,
				DE9B25C51E8D19C80009BE1C /* LoadingViewController.swift in Sources */,
				DE9B25D01E8D19C80009BE1C /* FetchedResultsControllerBackedType.swift in Sources */,
				DE9B25CF1E8D19C80009BE1C /* UIImageEffects.m in Sources */,
				DE9B25D11E8D19C80009BE1C /* PersistentContainerSettable.swift in Sources */,
				DE9B25D41E8D19C80009BE1C /* LiveStreamCollectionViewCell.swift in Sources */,
				DE9B25C81E8D19C80009BE1C /* SportsCollectionViewController.swift in Sources */,
				DE9B25C31E8D19C80009BE1C /* ChannelsCollectionViewController.swift in Sources */,
				DE9B25D71E8D19C80009BE1C /* WebImageView.swift in Sources */,
				DE9B25C41E8D19C80009BE1C /* FetchedResultsCollectionViewController.swift in Sources */,
				DE9B25CD1E8D19C80009BE1C /* KeychainPasswordItem.swift in Sources */,
				DE9B25CE1E8D19C80009BE1C /* Theme.swift in Sources */,
				DE9B25D31E8D19C80009BE1C /* ImageCollectionViewCell.swift in Sources */,
			);
			runOnlyForDeploymentPostprocessing = 0;
		};
/* End PBXSourcesBuildPhase section */

/* Begin PBXTargetDependency section */
		DE39BC731CE764F700347716 /* PBXTargetDependency */ = {
			isa = PBXTargetDependency;
			target = DE39BC661CE764F700347716 /* EurosportKit */;
			targetProxy = DE39BC721CE764F700347716 /* PBXContainerItemProxy */;
		};
		DEFC4CAD1D06EE43000C0711 /* PBXTargetDependency */ = {
			isa = PBXTargetDependency;
			target = DE39BC661CE764F700347716 /* EurosportKit */;
			targetProxy = DEFC4CAC1D06EE43000C0711 /* PBXContainerItemProxy */;
		};
/* End PBXTargetDependency section */

/* Begin PBXVariantGroup section */
		DE3896CE1DE9CD1A00860BB9 /* Main.storyboard */ = {
			isa = PBXVariantGroup;
			children = (
				DE3896CF1DE9CD1A00860BB9 /* Base */,
				DED8A93F1E093D2D00CD47FC /* fr */,
				DED8A94E1E09427500CD47FC /* de */,
				DED8A9501E0942D500CD47FC /* it */,
				DED8A9521E0942DB00CD47FC /* es */,
			);
			name = Main.storyboard;
			sourceTree = "<group>";
		};
		DEC4275F1CF9D8C000AE8C31 /* Localizable.strings */ = {
			isa = PBXVariantGroup;
			children = (
				DEC4275E1CF9D8C000AE8C31 /* Base */,
				DED8A9401E093D2D00CD47FC /* fr */,
				DED8A94F1E09427500CD47FC /* de */,
				DED8A9511E0942D500CD47FC /* it */,
				DED8A9531E0942DB00CD47FC /* es */,
			);
			name = Localizable.strings;
			sourceTree = "<group>";
		};
/* End PBXVariantGroup section */

/* Begin XCBuildConfiguration section */
		DE39BC7E1CE764F700347716 /* Debug */ = {
			isa = XCBuildConfiguration;
			buildSettings = {
				CLANG_ENABLE_MODULES = YES;
				CODE_SIGN_IDENTITY = "iPhone Developer";
				"CODE_SIGN_IDENTITY[sdk=appletvos*]" = "";
				CURRENT_PROJECT_VERSION = 37;
				DEFINES_MODULE = YES;
				DYLIB_COMPATIBILITY_VERSION = 1;
				DYLIB_CURRENT_VERSION = 37;
				DYLIB_INSTALL_NAME_BASE = "@rpath";
				INFOPLIST_FILE = EurosportKit/Info.plist;
				INSTALL_PATH = "$(LOCAL_LIBRARY_DIR)/Frameworks";
				LD_RUNPATH_SEARCH_PATHS = "$(inherited) @executable_path/Frameworks @loader_path/Frameworks";
				PRODUCT_BUNDLE_IDENTIFIER = uk.co.alexedge.EurosportKit;
				PRODUCT_NAME = "$(TARGET_NAME)";
				SDKROOT = appletvos;
				SKIP_INSTALL = YES;
				SWIFT_OPTIMIZATION_LEVEL = "-Onone";
				VERSIONING_SYSTEM = "apple-generic";
				VERSION_INFO_PREFIX = "";
			};
			name = Debug;
		};
		DE39BC7F1CE764F700347716 /* Release */ = {
			isa = XCBuildConfiguration;
			buildSettings = {
				CLANG_ENABLE_MODULES = YES;
				CODE_SIGN_IDENTITY = "iPhone Developer";
				"CODE_SIGN_IDENTITY[sdk=appletvos*]" = "";
				CURRENT_PROJECT_VERSION = 37;
				DEFINES_MODULE = YES;
				DYLIB_COMPATIBILITY_VERSION = 1;
				DYLIB_CURRENT_VERSION = 37;
				DYLIB_INSTALL_NAME_BASE = "@rpath";
				INFOPLIST_FILE = EurosportKit/Info.plist;
				INSTALL_PATH = "$(LOCAL_LIBRARY_DIR)/Frameworks";
				LD_RUNPATH_SEARCH_PATHS = "$(inherited) @executable_path/Frameworks @loader_path/Frameworks";
				PRODUCT_BUNDLE_IDENTIFIER = uk.co.alexedge.EurosportKit;
				PRODUCT_NAME = "$(TARGET_NAME)";
				SDKROOT = appletvos;
				SKIP_INSTALL = YES;
				VERSIONING_SYSTEM = "apple-generic";
				VERSION_INFO_PREFIX = "";
			};
			name = Release;
		};
		DE39BC801CE764F700347716 /* Debug */ = {
			isa = XCBuildConfiguration;
			buildSettings = {
				INFOPLIST_FILE = EurosportKitTests/Info.plist;
				LD_RUNPATH_SEARCH_PATHS = "$(inherited) @executable_path/Frameworks @loader_path/Frameworks";
				PRODUCT_BUNDLE_IDENTIFIER = uk.co.alexedge.EurosportKitTests;
				PRODUCT_NAME = "$(TARGET_NAME)";
				TEST_HOST = "$(BUILT_PRODUCTS_DIR)/EurosportPlayer.app/EurosportPlayer";
			};
			name = Debug;
		};
		DE39BC811CE764F700347716 /* Release */ = {
			isa = XCBuildConfiguration;
			buildSettings = {
				INFOPLIST_FILE = EurosportKitTests/Info.plist;
				LD_RUNPATH_SEARCH_PATHS = "$(inherited) @executable_path/Frameworks @loader_path/Frameworks";
				PRODUCT_BUNDLE_IDENTIFIER = uk.co.alexedge.EurosportKitTests;
				PRODUCT_NAME = "$(TARGET_NAME)";
				TEST_HOST = "$(BUILT_PRODUCTS_DIR)/EurosportPlayer.app/EurosportPlayer";
			};
			name = Release;
		};
		DE969D7F1CD50B1300A8A313 /* Debug */ = {
			isa = XCBuildConfiguration;
			buildSettings = {
				ALWAYS_SEARCH_USER_PATHS = NO;
				CLANG_ANALYZER_LOCALIZABILITY_NONLOCALIZED = YES;
				CLANG_ANALYZER_NONNULL = YES;
				CLANG_CXX_LANGUAGE_STANDARD = "gnu++0x";
				CLANG_CXX_LIBRARY = "libc++";
				CLANG_ENABLE_MODULES = YES;
				CLANG_ENABLE_OBJC_ARC = YES;
				CLANG_WARN_BOOL_CONVERSION = YES;
				CLANG_WARN_CONSTANT_CONVERSION = YES;
				CLANG_WARN_DIRECT_OBJC_ISA_USAGE = YES_ERROR;
				CLANG_WARN_EMPTY_BODY = YES;
				CLANG_WARN_ENUM_CONVERSION = YES;
				CLANG_WARN_INFINITE_RECURSION = YES;
				CLANG_WARN_INT_CONVERSION = YES;
				CLANG_WARN_OBJC_ROOT_CLASS = YES_ERROR;
				CLANG_WARN_SUSPICIOUS_MOVE = YES;
				CLANG_WARN_UNREACHABLE_CODE = YES;
				CLANG_WARN__DUPLICATE_METHOD_MATCH = YES;
				"CODE_SIGN_IDENTITY[sdk=iphoneos*]" = "iPhone Developer";
				COPY_PHASE_STRIP = NO;
				DEBUG_INFORMATION_FORMAT = dwarf;
				ENABLE_STRICT_OBJC_MSGSEND = YES;
				ENABLE_TESTABILITY = YES;
				GCC_C_LANGUAGE_STANDARD = gnu99;
				GCC_DYNAMIC_NO_PIC = NO;
				GCC_NO_COMMON_BLOCKS = YES;
				GCC_OPTIMIZATION_LEVEL = 0;
				GCC_PREPROCESSOR_DEFINITIONS = (
					"DEBUG=1",
					"$(inherited)",
				);
				GCC_WARN_64_TO_32_BIT_CONVERSION = YES;
				GCC_WARN_ABOUT_RETURN_TYPE = YES_ERROR;
				GCC_WARN_UNDECLARED_SELECTOR = YES;
				GCC_WARN_UNINITIALIZED_AUTOS = YES_AGGRESSIVE;
				GCC_WARN_UNUSED_FUNCTION = YES;
				GCC_WARN_UNUSED_VARIABLE = YES;
				IPHONEOS_DEPLOYMENT_TARGET = 10.0;
				MTL_ENABLE_DEBUG_INFO = YES;
				ONLY_ACTIVE_ARCH = YES;
				SDKROOT = iphoneos;
				SWIFT_OPTIMIZATION_LEVEL = "-Onone";
				SWIFT_VERSION = 3.0;
				TARGETED_DEVICE_FAMILY = "1,2";
				TVOS_DEPLOYMENT_TARGET = 10.0;
				WARNING_CFLAGS = "-Weverything";
				WATCHOS_DEPLOYMENT_TARGET = 3.0;
			};
			name = Debug;
		};
		DE969D801CD50B1300A8A313 /* Release */ = {
			isa = XCBuildConfiguration;
			buildSettings = {
				ALWAYS_SEARCH_USER_PATHS = NO;
				CLANG_ANALYZER_LOCALIZABILITY_NONLOCALIZED = YES;
				CLANG_ANALYZER_NONNULL = YES;
				CLANG_CXX_LANGUAGE_STANDARD = "gnu++0x";
				CLANG_CXX_LIBRARY = "libc++";
				CLANG_ENABLE_MODULES = YES;
				CLANG_ENABLE_OBJC_ARC = YES;
				CLANG_WARN_BOOL_CONVERSION = YES;
				CLANG_WARN_CONSTANT_CONVERSION = YES;
				CLANG_WARN_DIRECT_OBJC_ISA_USAGE = YES_ERROR;
				CLANG_WARN_EMPTY_BODY = YES;
				CLANG_WARN_ENUM_CONVERSION = YES;
				CLANG_WARN_INFINITE_RECURSION = YES;
				CLANG_WARN_INT_CONVERSION = YES;
				CLANG_WARN_OBJC_ROOT_CLASS = YES_ERROR;
				CLANG_WARN_SUSPICIOUS_MOVE = YES;
				CLANG_WARN_UNREACHABLE_CODE = YES;
				CLANG_WARN__DUPLICATE_METHOD_MATCH = YES;
				"CODE_SIGN_IDENTITY[sdk=iphoneos*]" = "iPhone Developer";
				COPY_PHASE_STRIP = NO;
				DEBUG_INFORMATION_FORMAT = "dwarf-with-dsym";
				ENABLE_NS_ASSERTIONS = NO;
				ENABLE_STRICT_OBJC_MSGSEND = YES;
				GCC_C_LANGUAGE_STANDARD = gnu99;
				GCC_NO_COMMON_BLOCKS = YES;
				GCC_WARN_64_TO_32_BIT_CONVERSION = YES;
				GCC_WARN_ABOUT_RETURN_TYPE = YES_ERROR;
				GCC_WARN_UNDECLARED_SELECTOR = YES;
				GCC_WARN_UNINITIALIZED_AUTOS = YES_AGGRESSIVE;
				GCC_WARN_UNUSED_FUNCTION = YES;
				GCC_WARN_UNUSED_VARIABLE = YES;
				IPHONEOS_DEPLOYMENT_TARGET = 10.0;
				MTL_ENABLE_DEBUG_INFO = NO;
				SDKROOT = iphoneos;
				SWIFT_OPTIMIZATION_LEVEL = "-Owholemodule";
				SWIFT_VERSION = 3.0;
				TARGETED_DEVICE_FAMILY = "1,2";
				TVOS_DEPLOYMENT_TARGET = 10.0;
				VALIDATE_PRODUCT = YES;
				WARNING_CFLAGS = "-Weverything";
				WATCHOS_DEPLOYMENT_TARGET = 3.0;
			};
			name = Release;
		};
		DE969D981CD51EA300A8A313 /* Debug */ = {
			isa = XCBuildConfiguration;
			buildSettings = {
				ALWAYS_EMBED_SWIFT_STANDARD_LIBRARIES = "$(inherited)";
				ASSETCATALOG_COMPILER_APPICON_NAME = "App Icon & Top Shelf Image";
				ASSETCATALOG_COMPILER_LAUNCHIMAGE_NAME = LaunchImage;
				CLANG_ENABLE_MODULES = YES;
				CURRENT_PROJECT_VERSION = 37;
				INFOPLIST_FILE = EurosportPlayerTV/Info.plist;
				PRODUCT_BUNDLE_IDENTIFIER = uk.co.alexedge.EurosportPlayer;
				PRODUCT_NAME = "$(TARGET_NAME)";
				PROVISIONING_PROFILE = "";
				SDKROOT = appletvos;
				SWIFT_ACTIVE_COMPILATION_CONDITIONS = "";
				SWIFT_OBJC_BRIDGING_HEADER = "EurosportPlayerTV/EurosportPlayerTV-Bridging-Header.h";
				SWIFT_OPTIMIZATION_LEVEL = "-Onone";
				TARGETED_DEVICE_FAMILY = 3;
				VERSIONING_SYSTEM = "apple-generic";
			};
			name = Debug;
		};
		DE969D991CD51EA300A8A313 /* Release */ = {
			isa = XCBuildConfiguration;
			buildSettings = {
				ALWAYS_EMBED_SWIFT_STANDARD_LIBRARIES = "$(inherited)";
				ASSETCATALOG_COMPILER_APPICON_NAME = "App Icon & Top Shelf Image";
				ASSETCATALOG_COMPILER_LAUNCHIMAGE_NAME = LaunchImage;
				CLANG_ENABLE_MODULES = YES;
				CURRENT_PROJECT_VERSION = 37;
				INFOPLIST_FILE = EurosportPlayerTV/Info.plist;
				PRODUCT_BUNDLE_IDENTIFIER = uk.co.alexedge.EurosportPlayer;
				PRODUCT_NAME = "$(TARGET_NAME)";
				PROVISIONING_PROFILE = "";
				SDKROOT = appletvos;
				SWIFT_ACTIVE_COMPILATION_CONDITIONS = "";
				SWIFT_OBJC_BRIDGING_HEADER = "EurosportPlayerTV/EurosportPlayerTV-Bridging-Header.h";
				TARGETED_DEVICE_FAMILY = 3;
				VERSIONING_SYSTEM = "apple-generic";
			};
			name = Release;
		};
/* End XCBuildConfiguration section */

/* Begin XCConfigurationList section */
		DE39BC821CE764F700347716 /* Build configuration list for PBXNativeTarget "EurosportKit" */ = {
			isa = XCConfigurationList;
			buildConfigurations = (
				DE39BC7E1CE764F700347716 /* Debug */,
				DE39BC7F1CE764F700347716 /* Release */,
			);
			defaultConfigurationIsVisible = 0;
			defaultConfigurationName = Release;
		};
		DE39BC841CE764F700347716 /* Build configuration list for PBXNativeTarget "EurosportKitTests" */ = {
			isa = XCConfigurationList;
			buildConfigurations = (
				DE39BC801CE764F700347716 /* Debug */,
				DE39BC811CE764F700347716 /* Release */,
			);
			defaultConfigurationIsVisible = 0;
			defaultConfigurationName = Release;
		};
		DE969D6A1CD50B1300A8A313 /* Build configuration list for PBXProject "EurosportPlayer" */ = {
			isa = XCConfigurationList;
			buildConfigurations = (
				DE969D7F1CD50B1300A8A313 /* Debug */,
				DE969D801CD50B1300A8A313 /* Release */,
			);
			defaultConfigurationIsVisible = 0;
			defaultConfigurationName = Release;
		};
		DE969D971CD51EA300A8A313 /* Build configuration list for PBXNativeTarget "EurosportPlayerTV" */ = {
			isa = XCConfigurationList;
			buildConfigurations = (
				DE969D981CD51EA300A8A313 /* Debug */,
				DE969D991CD51EA300A8A313 /* Release */,
			);
			defaultConfigurationIsVisible = 0;
			defaultConfigurationName = Release;
		};
/* End XCConfigurationList section */
	};
	rootObject = DE969D671CD50B1300A8A313 /* Project object */;
}
